
Microsoft Visual Studio Solution File, Format Version 12.00
# Visual Studio Version 17
VisualStudioVersion = 17.0.31912.275
MinimumVisualStudioVersion = 10.0.40219.1
Project("{FAE04EC0-301F-11D3-BF4B-00C04F79EFBC}") = "FF8Clock", "FF8Clock\FF8Clock.csproj", "{BE5EC240-A972-4D03-A61A-084E83731E32}"
EndProject
Global
	GlobalSection(SolutionConfigurationPlatforms) = preSolution
		Debug|Any CPU = Debug|Any CPU
		Release|Any CPU = Release|Any CPU
	EndGlobalSection
	GlobalSection(ProjectConfigurationPlatforms) = postSolution
		{BE5EC240-A972-4D03-A61A-084E83731E32}.Debug|Any CPU.ActiveCfg = Debug|Any CPU
		{BE5EC240-A972-4D03-A61A-084E83731E32}.Debug|Any CPU.Build.0 = Debug|Any CPU
		{BE5EC240-A972-4D03-A61A-084E83731E32}.Release|Any CPU.ActiveCfg = Release|Any CPU
		{BE5EC240-A972-4D03-A61A-084E83731E32}.Release|Any CPU.Build.0 = Release|Any CPU
	EndGlobalSection
	GlobalSection(SolutionProperties) = preSolution
		HideSolutionNode = FALSE
	EndGlobalSection
	GlobalSection(ExtensibilityGlobals) = postSolution
		SolutionGuid = {94AF84EA-9EF9-4E80-B3AC-0982B921A4CA}
	EndGlobalSection
EndGlobal
